
Microsoft Visual Studio Solution File, Format Version 12.00
# Visual Studio 15
Project("{FAE04EC0-301F-11D3-BF4B-00C04F79EFBC}") = "StableScripts", "StableScripts.csproj", "{9259093C-A900-2FBA-2AAE-A9BCA0992213}"
EndProject
Project("{FAE04EC0-301F-11D3-BF4B-00C04F79EFBC}") = "ProtocolBuilder", "ProtocolBuilder.csproj", "{50632D18-373C-1BE7-4FE2-764029A831F0}"
EndProject
Project("{FAE04EC0-301F-11D3-BF4B-00C04F79EFBC}") = "Assembly-CSharp", "Assembly-CSharp.csproj", "{82E0806E-0EC4-4330-3629-28F5705F2B1E}"
EndProject
Global
	GlobalSection(SolutionConfigurationPlatforms) = preSolution
		Debug|Any CPU = Debug|Any CPU
		Release|Any CPU = Release|Any CPU
	EndGlobalSection
	GlobalSection(ProjectConfigurationPlatforms) = postSolution
		{9259093C-A900-2FBA-2AAE-A9BCA0992213}.Debug|Any CPU.ActiveCfg = Debug|Any CPU
		{9259093C-A900-2FBA-2AAE-A9BCA0992213}.Debug|Any CPU.Build.0 = Debug|Any CPU
		{9259093C-A900-2FBA-2AAE-A9BCA0992213}.Release|Any CPU.ActiveCfg = Release|Any CPU
		{9259093C-A900-2FBA-2AAE-A9BCA0992213}.Release|Any CPU.Build.0 = Release|Any CPU
		{50632D18-373C-1BE7-4FE2-764029A831F0}.Debug|Any CPU.ActiveCfg = Debug|Any CPU
		{50632D18-373C-1BE7-4FE2-764029A831F0}.Debug|Any CPU.Build.0 = Debug|Any CPU
		{50632D18-373C-1BE7-4FE2-764029A831F0}.Release|Any CPU.ActiveCfg = Release|Any CPU
		{50632D18-373C-1BE7-4FE2-764029A831F0}.Release|Any CPU.Build.0 = Release|Any CPU
		{82E0806E-0EC4-4330-3629-28F5705F2B1E}.Debug|Any CPU.ActiveCfg = Debug|Any CPU
		{82E0806E-0EC4-4330-3629-28F5705F2B1E}.Debug|Any CPU.Build.0 = Debug|Any CPU
		{82E0806E-0EC4-4330-3629-28F5705F2B1E}.Release|Any CPU.ActiveCfg = Release|Any CPU
		{82E0806E-0EC4-4330-3629-28F5705F2B1E}.Release|Any CPU.Build.0 = Release|Any CPU
	EndGlobalSection
	GlobalSection(SolutionProperties) = preSolution
		HideSolutionNode = FALSE
	EndGlobalSection
EndGlobal
